
Microsoft Visual Studio Solution File, Format Version 12.00
# Visual Studio Version 17
VisualStudioVersion = 17.5.33414.496
MinimumVisualStudioVersion = 10.0.40219.1
Project("{FAE04EC0-301F-11D3-BF4B-00C04F79EFBC}") = "MovieDirectory", "src\MovieDirectory\MovieDirectory.csproj", "{AB6C4C4E-B3A6-4353-9FBD-F6F6395F41A5}"
EndProject
Project("{FAE04EC0-301F-11D3-BF4B-00C04F79EFBC}") = "MovieDirectory.E2E.Tests", "tests\MovieDirectory.E2E.Tests\MovieDirectory.E2E.Tests.csproj", "{385B0B8E-CC55-44AA-8CF4-776A94D4A103}"
EndProject
Global
	GlobalSection(SolutionConfigurationPlatforms) = preSolution
		Debug|Any CPU = Debug|Any CPU
		Release|Any CPU = Release|Any CPU
	EndGlobalSection
	GlobalSection(ProjectConfigurationPlatforms) = postSolution
		{AB6C4C4E-B3A6-4353-9FBD-F6F6395F41A5}.Debug|Any CPU.ActiveCfg = Debug|Any CPU
		{AB6C4C4E-B3A6-4353-9FBD-F6F6395F41A5}.Debug|Any CPU.Build.0 = Debug|Any CPU
		{AB6C4C4E-B3A6-4353-9FBD-F6F6395F41A5}.Release|Any CPU.ActiveCfg = Release|Any CPU
		{AB6C4C4E-B3A6-4353-9FBD-F6F6395F41A5}.Release|Any CPU.Build.0 = Release|Any CPU
		{385B0B8E-CC55-44AA-8CF4-776A94D4A103}.Debug|Any CPU.ActiveCfg = Debug|Any CPU
		{385B0B8E-CC55-44AA-8CF4-776A94D4A103}.Debug|Any CPU.Build.0 = Debug|Any CPU
		{385B0B8E-CC55-44AA-8CF4-776A94D4A103}.Release|Any CPU.ActiveCfg = Release|Any CPU
		{385B0B8E-CC55-44AA-8CF4-776A94D4A103}.Release|Any CPU.Build.0 = Release|Any CPU
	EndGlobalSection
	GlobalSection(SolutionProperties) = preSolution
		HideSolutionNode = FALSE
	EndGlobalSection
	GlobalSection(ExtensibilityGlobals) = postSolution
		SolutionGuid = {376561F5-9FFE-46C0-BC28-3FDF8A01E33A}
	EndGlobalSection
EndGlobal
